# THIS IS AN AUTOGENERATED FILE. DO NOT EDIT THIS FILE DIRECTLY.
# yarn lockfile v1


country-code-lookup@^0.0.19:
  version "0.0.19"
  resolved "https://registry.yarnpkg.com/country-code-lookup/-/country-code-lookup-0.0.19.tgz#3fbf0192758ecf0d5eee0efbc220d62706c50fd6"
  integrity sha512-lpvgdPyj8RuP0CSZhACNf5ueKlLbv/IQUAQfg7yr/qJbFrdcWV7Y+aDN9K/u/bx3MXRfcsjuW+TdIc0AEj7kDw==
